// !$*UTF8*$!
{
	archiveVersion = 1;
	classes = {
	};
	objectVersion = 50;
	objects = {

/* Begin PBXBuildFile section */
		6578A21E259ABF60003FA172 /* AppDelegate.m in Sources */ = {isa = PBXBuildFile; fileRef = 6578A21D259ABF60003FA172 /* AppDelegate.m */; };
		6578A221259ABF60003FA172 /* SceneDelegate.m in Sources */ = {isa = PBXBuildFile; fileRef = 6578A220259ABF60003FA172 /* SceneDelegate.m */; };
		6578A224259ABF60003FA172 /* ViewController.m in Sources */ = {isa = PBXBuildFile; fileRef = 6578A223259ABF60003FA172 /* ViewController.m */; };
		6578A227259ABF60003FA172 /* Main.storyboard in Resources */ = {isa = PBXBuildFile; fileRef = 6578A225259ABF60003FA172 /* Main.storyboard */; };
		6578A229259ABF65003FA172 /* Assets.xcassets in Resources */ = {isa = PBXBuildFile; fileRef = 6578A228259ABF65003FA172 /* Assets.xcassets */; };
		6578A22C259ABF65003FA172 /* LaunchScreen.storyboard in Resources */ = {isa = PBXBuildFile; fileRef = 6578A22A259ABF65003FA172 /* LaunchScreen.storyboard */; };
		6578A22F259ABF65003FA172 /* main.m in Sources */ = {isa = PBXBuildFile; fileRef = 6578A22E259ABF65003FA172 /* main.m */; };
		6578A239259ABF66003FA172 /* CustomKeyboardDemoTests.m in Sources */ = {isa = PBXBuildFile; fileRef = 6578A238259ABF66003FA172 /* CustomKeyboardDemoTests.m */; };
		6578A244259ABF66003FA172 /* CustomKeyboardDemoUITests.m in Sources */ = {isa = PBXBuildFile; fileRef = 6578A243259ABF66003FA172 /* CustomKeyboardDemoUITests.m */; };
/* End PBXBuildFile section */

/* Begin PBXContainerItemProxy section */
		6578A235259ABF66003FA172 /* PBXContainerItemProxy */ = {
			isa = PBXContainerItemProxy;
			containerPortal = 6578A211259ABF5F003FA172 /* Project object */;
			proxyType = 1;
			remoteGlobalIDString = 6578A218259ABF60003FA172;
			remoteInfo = CustomKeyboardDemo;
		};
		6578A240259ABF66003FA172 /* PBXContainerItemProxy */ = {
			isa = PBXContainerItemProxy;
			containerPortal = 6578A211259ABF5F003FA172 /* Project object */;
			proxyType = 1;
			remoteGlobalIDString = 6578A218259ABF60003FA172;
			remoteInfo = CustomKeyboardDemo;
		};
/* End PBXContainerItemProxy section */

/* Begin PBXFileReference section */
		6578A219259ABF60003FA172 /* CustomKeyboardDemo.app */ = {isa = PBXFileReference; explicitFileType = wrapper.application; includeInIndex = 0; path = CustomKeyboardDemo.app; sourceTree = BUILT_PRODUCTS_DIR; };
		6578A21C259ABF60003FA172 /* AppDelegate.h */ = {isa = PBXFileReference; lastKnownFileType = sourcecode.c.h; path = AppDelegate.h; sourceTree = "<group>"; };
		6578A21D259ABF60003FA172 /* AppDelegate.m */ = {isa = PBXFileReference; lastKnownFileType = sourcecode.c.objc; path = AppDelegate.m; sourceTree = "<group>"; };
		6578A21F259ABF60003FA172 /* SceneDelegate.h */ = {isa = PBXFileReference; lastKnownFileType = sourcecode.c.h; path = SceneDelegate.h; sourceTree = "<group>"; };
		6578A220259ABF60003FA172 /* SceneDelegate.m */ = {isa = PBXFileReference; lastKnownFileType = sourcecode.c.objc; path = SceneDelegate.m; sourceTree = "<group>"; };
		6578A222259ABF60003FA172 /* ViewController.h */ = {isa = PBXFileReference; lastKnownFileType = sourcecode.c.h; path = ViewController.h; sourceTree = "<group>"; };
		6578A223259ABF60003FA172 /* ViewController.m */ = {isa = PBXFileReference; lastKnownFileType = sourcecode.c.objc; path = ViewController.m; sourceTree = "<group>"; };
		6578A226259ABF60003FA172 /* Base */ = {isa = PBXFileReference; lastKnownFileType = file.storyboard; name = Base; path = Base.lproj/Main.storyboard; sourceTree = "<group>"; };
		6578A228259ABF65003FA172 /* Assets.xcassets */ = {isa = PBXFileReference; lastKnownFileType = folder.assetcatalog; path = Assets.xcassets; sourceTree = "<group>"; };
		6578A22B259ABF65003FA172 /* Base */ = {isa = PBXFileReference; lastKnownFileType = file.storyboard; name = Base; path = Base.lproj/LaunchScreen.storyboard; sourceTree = "<group>"; };
		6578A22D259ABF65003FA172 /* Info.plist */ = {isa = PBXFileReference; lastKnownFileType = text.plist.xml; path = Info.plist; sourceTree = "<group>"; };
		6578A22E259ABF65003FA172 /* main.m */ = {isa = PBXFileReference; lastKnownFileType = sourcecode.c.objc; path = main.m; sourceTree = "<group>"; };
		6578A234259ABF66003FA172 /* CustomKeyboardDemoTests.xctest */ = {isa = PBXFileReference; explicitFileType = wrapper.cfbundle; includeInIndex = 0; path = CustomKeyboardDemoTests.xctest; sourceTree = BUILT_PRODUCTS_DIR; };
		6578A238259ABF66003FA172 /* CustomKeyboardDemoTests.m */ = {isa = PBXFileReference; lastKnownFileType = sourcecode.c.objc; path = CustomKeyboardDemoTests.m; sourceTree = "<group>"; };
		6578A23A259ABF66003FA172 /* Info.plist */ = {isa = PBXFileReference; lastKnownFileType = text.plist.xml; path = Info.plist; sourceTree = "<group>"; };
		6578A23F259ABF66003FA172 /* CustomKeyboardDemoUITests.xctest */ = {isa = PBXFileReference; explicitFileType = wrapper.cfbundle; includeInIndex = 0; path = CustomKeyboardDemoUITests.xctest; sourceTree = BUILT_PRODUCTS_DIR; };
		6578A243259ABF66003FA172 /* CustomKeyboardDemoUITests.m */ = {isa = PBXFileReference; lastKnownFileType = sourcecode.c.objc; path = CustomKeyboardDemoUITests.m; sourceTree = "<group>"; };
		6578A245259ABF66003FA172 /* Info.plist */ = {isa = PBXFileReference; lastKnownFileType = text.plist.xml; path = Info.plist; sourceTree = "<group>"; };
/* End PBXFileReference section */

/* Begin PBXFrameworksBuildPhase section */
		6578A216259ABF60003FA172 /* Frameworks */ = {
			isa = PBXFrameworksBuildPhase;
			buildActionMask = 2147483647;
			files = (
			);
			runOnlyForDeploymentPostprocessing = 0;
		};
		6578A231259ABF66003FA172 /* Frameworks */ = {
			isa = PBXFrameworksBuildPhase;
			buildActionMask = 2147483647;
			files = (
			);
			runOnlyForDeploymentPostprocessing = 0;
		};
		6578A23C259ABF66003FA172 /* Frameworks */ = {
			isa = PBXFrameworksBuildPhase;
			buildActionMask = 2147483647;
			files = (
			);
			runOnlyForDeploymentPostprocessing = 0;
		};
/* End PBXFrameworksBuildPhase section */

/* Begin PBXGroup section */
		6578A210259ABF5F003FA172 = {
			isa = PBXGroup;
			children = (
				6578A21B259ABF60003FA172 /* CustomKeyboardDemo */,
				6578A237259ABF66003FA172 /* CustomKeyboardDemoTests */,
				6578A242259ABF66003FA172 /* CustomKeyboardDemoUITests */,
				6578A21A259ABF60003FA172 /* Products */,
			);
			sourceTree = "<group>";
		};
		6578A21A259ABF60003FA172 /* Products */ = {
			isa = PBXGroup;
			children = (
				6578A219259ABF60003FA172 /* CustomKeyboardDemo.app */,
				6578A234259ABF66003FA172 /* CustomKeyboardDemoTests.xctest */,
				6578A23F259ABF66003FA172 /* CustomKeyboardDemoUITests.xctest */,
			);
			name = Products;
			sourceTree = "<group>";
		};
		6578A21B259ABF60003FA172 /* CustomKeyboardDemo */ = {
			isa = PBXGroup;
			children = (
				6578A21C259ABF60003FA172 /* AppDelegate.h */,
				6578A21D259ABF60003FA172 /* AppDelegate.m */,
				6578A21F259ABF60003FA172 /* SceneDelegate.h */,
				6578A220259ABF60003FA172 /* SceneDelegate.m */,
				6578A222259ABF60003FA172 /* ViewController.h */,
				6578A223259ABF60003FA172 /* ViewController.m */,
				6578A225259ABF60003FA172 /* Main.storyboard */,
				6578A228259ABF65003FA172 /* Assets.xcassets */,
				6578A22A259ABF65003FA172 /* LaunchScreen.storyboard */,
				6578A22D259ABF65003FA172 /* Info.plist */,
				6578A22E259ABF65003FA172 /* main.m */,
			);
			path = CustomKeyboardDemo;
			sourceTree = "<group>";
		};
		6578A237259ABF66003FA172 /* CustomKeyboardDemoTests */ = {
			isa = PBXGroup;
			children = (
				6578A238259ABF66003FA172 /* CustomKeyboardDemoTests.m */,
				6578A23A259ABF66003FA172 /* Info.plist */,
			);
			path = CustomKeyboardDemoTests;
			sourceTree = "<group>";
		};
		6578A242259ABF66003FA172 /* CustomKeyboardDemoUITests */ = {
			isa = PBXGroup;
			children = (
				6578A243259ABF66003FA172 /* CustomKeyboardDemoUITests.m */,
				6578A245259ABF66003FA172 /* Info.plist */,
			);
			path = CustomKeyboardDemoUITests;
			sourceTree = "<group>";
		};
/* End PBXGroup section */

/* Begin PBXNativeTarget section */
		6578A218259ABF60003FA172 /* CustomKeyboardDemo */ = {
			isa = PBXNativeTarget;
			buildConfigurationList = 6578A248259ABF66003FA172 /* Build configuration list for PBXNativeTarget "CustomKeyboardDemo" */;
			buildPhases = (
				6578A215259ABF60003FA172 /* Sources */,
				6578A216259ABF60003FA172 /* Frameworks */,
				6578A217259ABF60003FA172 /* Resources */,
			);
			buildRules = (
			);
			dependencies = (
			);
			name = CustomKeyboardDemo;
			productName = CustomKeyboardDemo;
			productReference = 6578A219259ABF60003FA172 /* CustomKeyboardDemo.app */;
			productType = "com.apple.product-type.application";
		};
		6578A233259ABF66003FA172 /* CustomKeyboardDemoTests */ = {
			isa = PBXNativeTarget;
			buildConfigurationList = 6578A24B259ABF66003FA172 /* Build configuration list for PBXNativeTarget "CustomKeyboardDemoTests" */;
			buildPhases = (
				6578A230259ABF66003FA172 /* Sources */,
				6578A231259ABF66003FA172 /* Frameworks */,
				6578A232259ABF66003FA172 /* Resources */,
			);
			buildRules = (
			);
			dependencies = (
				6578A236259ABF66003FA172 /* PBXTargetDependency */,
			);
			name = CustomKeyboardDemoTests;
			productName = CustomKeyboardDemoTests;
			productReference = 6578A234259ABF66003FA172 /* CustomKeyboardDemoTests.xctest */;
			productType = "com.apple.product-type.bundle.unit-test";
		};
		6578A23E259ABF66003FA172 /* CustomKeyboardDemoUITests */ = {
			isa = PBXNativeTarget;
			buildConfigurationList = 6578A24E259ABF66003FA172 /* Build configuration list for PBXNativeTarget "CustomKeyboardDemoUITests" */;
			buildPhases = (
				6578A23B259ABF66003FA172 /* Sources */,
				6578A23C259ABF66003FA172 /* Frameworks */,
				6578A23D259ABF66003FA172 /* Resources */,
			);
			buildRules = (
			);
			dependencies = (
				6578A241259ABF66003FA172 /* PBXTargetDependency */,
			);
			name = CustomKeyboardDemoUITests;
			productName = CustomKeyboardDemoUITests;
			productReference = 6578A23F259ABF66003FA172 /* CustomKeyboardDemoUITests.xctest */;
			productType = "com.apple.product-type.bundle.ui-testing";
		};
/* End PBXNativeTarget section */

/* Begin PBXProject section */
		6578A211259ABF5F003FA172 /* Project object */ = {
			isa = PBXProject;
			attributes = {
				LastUpgradeCheck = 1210;
				TargetAttributes = {
					6578A218259ABF60003FA172 = {
						CreatedOnToolsVersion = 12.1;
					};
					6578A233259ABF66003FA172 = {
						CreatedOnToolsVersion = 12.1;
						TestTargetID = 6578A218259ABF60003FA172;
					};
					6578A23E259ABF66003FA172 = {
						CreatedOnToolsVersion = 12.1;
						TestTargetID = 6578A218259ABF60003FA172;
					};
				};
			};
			buildConfigurationList = 6578A214259ABF5F003FA172 /* Build configuration list for PBXProject "CustomKeyboardDemo" */;
			compatibilityVersion = "Xcode 9.3";
			developmentRegion = en;
			hasScannedForEncodings = 0;
			knownRegions = (
				en,
				Base,
			);
			mainGroup = 6578A210259ABF5F003FA172;
			productRefGroup = 6578A21A259ABF60003FA172 /* Products */;
			projectDirPath = "";
			projectRoot = "";
			targets = (
				6578A218259ABF60003FA172 /* CustomKeyboardDemo */,
				6578A233259ABF66003FA172 /* CustomKeyboardDemoTests */,
				6578A23E259ABF66003FA172 /* CustomKeyboardDemoUITests */,
			);
		};
/* End PBXProject section */

/* Begin PBXResourcesBuildPhase section */
		6578A217259ABF60003FA172 /* Resources */ = {
			isa = PBXResourcesBuildPhase;
			buildActionMask = 2147483647;
			files = (
				6578A22C259ABF65003FA172 /* LaunchScreen.storyboard in Resources */,
				6578A229259ABF65003FA172 /* Assets.xcassets in Resources */,
				6578A227259ABF60003FA172 /* Main.storyboard in Resources */,
			);
			runOnlyForDeploymentPostprocessing = 0;
		};
		6578A232259ABF66003FA172 /* Resources */ = {
			isa = PBXResourcesBuildPhase;
			buildActionMask = 2147483647;
			files = (
			);
			runOnlyForDeploymentPostprocessing = 0;
		};
		6578A23D259ABF66003FA172 /* Resources */ = {
			isa = PBXResourcesBuildPhase;
			buildActionMask = 2147483647;
			files = (
			);
			runOnlyForDeploymentPostprocessing = 0;
		};
/* End PBXResourcesBuildPhase section */

/* Begin PBXSourcesBuildPhase section */
		6578A215259ABF60003FA172 /* Sources */ = {
			isa = PBXSourcesBuildPhase;
			buildActionMask = 2147483647;
			files = (
				6578A224259ABF60003FA172 /* ViewController.m in Sources */,
				6578A21E259ABF60003FA172 /* AppDelegate.m in Sources */,
				6578A22F259ABF65003FA172 /* main.m in Sources */,
				6578A221259ABF60003FA172 /* SceneDelegate.m in Sources */,
			);
			runOnlyForDeploymentPostprocessing = 0;
		};
		6578A230259ABF66003FA172 /* Sources */ = {
			isa = PBXSourcesBuildPhase;
			buildActionMask = 2147483647;
			files = (
				6578A239259ABF66003FA172 /* CustomKeyboardDemoTests.m in Sources */,
			);
			runOnlyForDeploymentPostprocessing = 0;
		};
		6578A23B259ABF66003FA172 /* Sources */ = {
			isa = PBXSourcesBuildPhase;
			buildActionMask = 2147483647;
			files = (
				6578A244259ABF66003FA172 /* CustomKeyboardDemoUITests.m in Sources */,
			);
			runOnlyForDeploymentPostprocessing = 0;
		};
/* End PBXSourcesBuildPhase section */

/* Begin PBXTargetDependency section */
		6578A236259ABF66003FA172 /* PBXTargetDependency */ = {
			isa = PBXTargetDependency;
			target = 6578A218259ABF60003FA172 /* CustomKeyboardDemo */;
			targetProxy = 6578A235259ABF66003FA172 /* PBXContainerItemProxy */;
		};
		6578A241259ABF66003FA172 /* PBXTargetDependency */ = {
			isa = PBXTargetDependency;
			target = 6578A218259ABF60003FA172 /* CustomKeyboardDemo */;
			targetProxy = 6578A240259ABF66003FA172 /* PBXContainerItemProxy */;
		};
/* End PBXTargetDependency section */

/* Begin PBXVariantGroup section */
		6578A225259ABF60003FA172 /* Main.storyboard */ = {
			isa = PBXVariantGroup;
			children = (
				6578A226259ABF60003FA172 /* Base */,
			);
			name = Main.storyboard;
			sourceTree = "<group>";
		};
		6578A22A259ABF65003FA172 /* LaunchScreen.storyboard */ = {
			isa = PBXVariantGroup;
			children = (
				6578A22B259ABF65003FA172 /* Base */,
			);
			name = LaunchScreen.storyboard;
			sourceTree = "<group>";
		};
/* End PBXVariantGroup section */

/* Begin XCBuildConfiguration section */
		6578A246259ABF66003FA172 /* Debug */ = {
			isa = XCBuildConfiguration;
			buildSettings = {
				ALWAYS_SEARCH_USER_PATHS = NO;
				CLANG_ANALYZER_NONNULL = YES;
				CLANG_ANALYZER_NUMBER_OBJECT_CONVERSION = YES_AGGRESSIVE;
				CLANG_CXX_LANGUAGE_STANDARD = "gnu++14";
				CLANG_CXX_LIBRARY = "libc++";
				CLANG_ENABLE_MODULES = YES;
				CLANG_ENABLE_OBJC_ARC = YES;
				CLANG_ENABLE_OBJC_WEAK = YES;
				CLANG_WARN_BLOCK_CAPTURE_AUTORELEASING = YES;
				CLANG_WARN_BOOL_CONVERSION = YES;
				CLANG_WARN_COMMA = YES;
				CLANG_WARN_CONSTANT_CONVERSION = YES;
				CLANG_WARN_DEPRECATED_OBJC_IMPLEMENTATIONS = YES;
				CLANG_WARN_DIRECT_OBJC_ISA_USAGE = YES_ERROR;
				CLANG_WARN_DOCUMENTATION_COMMENTS = YES;
				CLANG_WARN_EMPTY_BODY = YES;
				CLANG_WARN_ENUM_CONVERSION = YES;
				CLANG_WARN_INFINITE_RECURSION = YES;
				CLANG_WARN_INT_CONVERSION = YES;
				CLANG_WARN_NON_LITERAL_NULL_CONVERSION = YES;
				CLANG_WARN_OBJC_IMPLICIT_RETAIN_SELF = YES;
				CLANG_WARN_OBJC_LITERAL_CONVERSION = YES;
				CLANG_WARN_OBJC_ROOT_CLASS = YES_ERROR;
				CLANG_WARN_QUOTED_INCLUDE_IN_FRAMEWORK_HEADER = YES;
				CLANG_WARN_RANGE_LOOP_ANALYSIS = YES;
				CLANG_WARN_STRICT_PROTOTYPES = YES;
				CLANG_WARN_SUSPICIOUS_MOVE = YES;
				CLANG_WARN_UNGUARDED_AVAILABILITY = YES_AGGRESSIVE;
				CLANG_WARN_UNREACHABLE_CODE = YES;
				CLANG_WARN__DUPLICATE_METHOD_MATCH = YES;
				COPY_PHASE_STRIP = NO;
				DEBUG_INFORMATION_FORMAT = dwarf;
				ENABLE_STRICT_OBJC_MSGSEND = YES;
				ENABLE_TESTABILITY = YES;
				GCC_C_LANGUAGE_STANDARD = gnu11;
				GCC_DYNAMIC_NO_PIC = NO;
				GCC_NO_COMMON_BLOCKS = YES;
				GCC_OPTIMIZATION_LEVEL = 0;
				GCC_PREPROCESSOR_DEFINITIONS = (
					"DEBUG=1",
					"$(inherited)",
				);
				GCC_WARN_64_TO_32_BIT_CONVERSION = YES;
				GCC_WARN_ABOUT_RETURN_TYPE = YES_ERROR;
				GCC_WARN_UNDECLARED_SELECTOR = YES;
				GCC_WARN_UNINITIALIZED_AUTOS = YES_AGGRESSIVE;
				GCC_WARN_UNUSED_FUNCTION = YES;
				GCC_WARN_UNUSED_VARIABLE = YES;
				IPHONEOS_DEPLOYMENT_TARGET = 14.1;
				MTL_ENABLE_DEBUG_INFO = INCLUDE_SOURCE;
				MTL_FAST_MATH = YES;
				ONLY_ACTIVE_ARCH = YES;
				SDKROOT = iphoneos;
			};
			name = Debug;
		};
		6578A247259ABF66003FA172 /* Release */ = {
			isa = XCBuildConfiguration;
			buildSettings = {
				ALWAYS_SEARCH_USER_PATHS = NO;
				CLANG_ANALYZER_NONNULL = YES;
				CLANG_ANALYZER_NUMBER_OBJECT_CONVERSION = YES_AGGRESSIVE;
				CLANG_CXX_LANGUAGE_STANDARD = "gnu++14";
				CLANG_CXX_LIBRARY = "libc++";
				CLANG_ENABLE_MODULES = YES;
				CLANG_ENABLE_OBJC_ARC = YES;
				CLANG_ENABLE_OBJC_WEAK = YES;
				CLANG_WARN_BLOCK_CAPTURE_AUTORELEASING = YES;
				CLANG_WARN_BOOL_CONVERSION = YES;
				CLANG_WARN_COMMA = YES;
				CLANG_WARN_CONSTANT_CONVERSION = YES;
				CLANG_WARN_DEPRECATED_OBJC_IMPLEMENTATIONS = YES;
				CLANG_WARN_DIRECT_OBJC_ISA_USAGE = YES_ERROR;
				CLANG_WARN_DOCUMENTATION_COMMENTS = YES;
				CLANG_WARN_EMPTY_BODY = YES;
				CLANG_WARN_ENUM_CONVERSION = YES;
				CLANG_WARN_INFINITE_RECURSION = YES;
				CLANG_WARN_INT_CONVERSION = YES;
				CLANG_WARN_NON_LITERAL_NULL_CONVERSION = YES;
				CLANG_WARN_OBJC_IMPLICIT_RETAIN_SELF = YES;
				CLANG_WARN_OBJC_LITERAL_CONVERSION = YES;
				CLANG_WARN_OBJC_ROOT_CLASS = YES_ERROR;
				CLANG_WARN_QUOTED_INCLUDE_IN_FRAMEWORK_HEADER = YES;
				CLANG_WARN_RANGE_LOOP_ANALYSIS = YES;
				CLANG_WARN_STRICT_PROTOTYPES = YES;
				CLANG_WARN_SUSPICIOUS_MOVE = YES;
				CLANG_WARN_UNGUARDED_AVAILABILITY = YES_AGGRESSIVE;
				CLANG_WARN_UNREACHABLE_CODE = YES;
				CLANG_WARN__DUPLICATE_METHOD_MATCH = YES;
				COPY_PHASE_STRIP = NO;
				DEBUG_INFORMATION_FORMAT = "dwarf-with-dsym";
				ENABLE_NS_ASSERTIONS = NO;
				ENABLE_STRICT_OBJC_MSGSEND = YES;
				GCC_C_LANGUAGE_STANDARD = gnu11;
				GCC_NO_COMMON_BLOCKS = YES;
				GCC_WARN_64_TO_32_BIT_CONVERSION = YES;
				GCC_WARN_ABOUT_RETURN_TYPE = YES_ERROR;
				GCC_WARN_UNDECLARED_SELECTOR = YES;
				GCC_WARN_UNINITIALIZED_AUTOS = YES_AGGRESSIVE;
				GCC_WARN_UNUSED_FUNCTION = YES;
				GCC_WARN_UNUSED_VARIABLE = YES;
				IPHONEOS_DEPLOYMENT_TARGET = 14.1;
				MTL_ENABLE_DEBUG_INFO = NO;
				MTL_FAST_MATH = YES;
				SDKROOT = iphoneos;
				VALIDATE_PRODUCT = YES;
			};
			name = Release;
		};
		6578A249259ABF66003FA172 /* Debug */ = {
			isa = XCBuildConfiguration;
			buildSettings = {
				ASSETCATALOG_COMPILER_APPICON_NAME = AppIcon;
				ASSETCATALOG_COMPILER_GLOBAL_ACCENT_COLOR_NAME = AccentColor;
				CODE_SIGN_STYLE = Automatic;
				DEVELOPMENT_TEAM = C2989MFX2P;
				INFOPLIST_FILE = CustomKeyboardDemo/Info.plist;
				LD_RUNPATH_SEARCH_PATHS = (
					"$(inherited)",
					"@executable_path/Frameworks",
				);
				PRODUCT_BUNDLE_IDENTIFIER = com.china.mt.CustomKeyboardDemo;
				PRODUCT_NAME = "$(TARGET_NAME)";
				TARGETED_DEVICE_FAMILY = "1,2";
			};
			name = Debug;
		};
		6578A24A259ABF66003FA172 /* Release */ = {
			isa = XCBuildConfiguration;
			buildSettings = {
				ASSETCATALOG_COMPILER_APPICON_NAME = AppIcon;
				ASSETCATALOG_COMPILER_GLOBAL_ACCENT_COLOR_NAME = AccentColor;
				CODE_SIGN_STYLE = Automatic;
				DEVELOPMENT_TEAM = C2989MFX2P;
				INFOPLIST_FILE = CustomKeyboardDemo/Info.plist;
				LD_RUNPATH_SEARCH_PATHS = (
					"$(inherited)",
					"@executable_path/Frameworks",
				);
				PRODUCT_BUNDLE_IDENTIFIER = com.china.mt.CustomKeyboardDemo;
				PRODUCT_NAME = "$(TARGET_NAME)";
				TARGETED_DEVICE_FAMILY = "1,2";
			};
			name = Release;
		};
		6578A24C259ABF66003FA172 /* Debug */ = {
			isa = XCBuildConfiguration;
			buildSettings = {
				BUNDLE_LOADER = "$(TEST_HOST)";
				CODE_SIGN_STYLE = Automatic;
				DEVELOPMENT_TEAM = C2989MFX2P;
				INFOPLIST_FILE = CustomKeyboardDemoTests/Info.plist;
				IPHONEOS_DEPLOYMENT_TARGET = 14.1;
				LD_RUNPATH_SEARCH_PATHS = (
					"$(inherited)",
					"@executable_path/Frameworks",
					"@loader_path/Frameworks",
				);
				PRODUCT_BUNDLE_IDENTIFIER = com.china.mt.CustomKeyboardDemoTests;
				PRODUCT_NAME = "$(TARGET_NAME)";
				TARGETED_DEVICE_FAMILY = "1,2";
				TEST_HOST = "$(BUILT_PRODUCTS_DIR)/CustomKeyboardDemo.app/CustomKeyboardDemo";
			};
			name = Debug;
		};
		6578A24D259ABF66003FA172 /* Release */ = {
			isa = XCBuildConfiguration;
			buildSettings = {
				BUNDLE_LOADER = "$(TEST_HOST)";
				CODE_SIGN_STYLE = Automatic;
				DEVELOPMENT_TEAM = C2989MFX2P;
				INFOPLIST_FILE = CustomKeyboardDemoTests/Info.plist;
				IPHONEOS_DEPLOYMENT_TARGET = 14.1;
				LD_RUNPATH_SEARCH_PATHS = (
					"$(inherited)",
					"@executable_path/Frameworks",
					"@loader_path/Frameworks",
				);
				PRODUCT_BUNDLE_IDENTIFIER = com.china.mt.CustomKeyboardDemoTests;
				PRODUCT_NAME = "$(TARGET_NAME)";
				TARGETED_DEVICE_FAMILY = "1,2";
				TEST_HOST = "$(BUILT_PRODUCTS_DIR)/CustomKeyboardDemo.app/CustomKeyboardDemo";
			};
			name = Release;
		};
		6578A24F259ABF66003FA172 /* Debug */ = {
			isa = XCBuildConfiguration;
			buildSettings = {
				CODE_SIGN_STYLE = Automatic;
				DEVELOPMENT_TEAM = C2989MFX2P;
				INFOPLIST_FILE = CustomKeyboardDemoUITests/Info.plist;
				LD_RUNPATH_SEARCH_PATHS = (
					"$(inherited)",
					"@executable_path/Frameworks",
					"@loader_path/Frameworks",
				);
				PRODUCT_BUNDLE_IDENTIFIER = com.china.mt.CustomKeyboardDemoUITests;
				PRODUCT_NAME = "$(TARGET_NAME)";
				TARGETED_DEVICE_FAMILY = "1,2";
				TEST_TARGET_NAME = CustomKeyboardDemo;
			};
			name = Debug;
		};
		6578A250259ABF66003FA172 /* Release */ = {
			isa = XCBuildConfiguration;
			buildSettings = {
				CODE_SIGN_STYLE = Automatic;
				DEVELOPMENT_TEAM = C2989MFX2P;
				INFOPLIST_FILE = CustomKeyboardDemoUITests/Info.plist;
				LD_RUNPATH_SEARCH_PATHS = (
					"$(inherited)",
					"@executable_path/Frameworks",
					"@loader_path/Frameworks",
				);
				PRODUCT_BUNDLE_IDENTIFIER = com.china.mt.CustomKeyboardDemoUITests;
				PRODUCT_NAME = "$(TARGET_NAME)";
				TARGETED_DEVICE_FAMILY = "1,2";
				TEST_TARGET_NAME = CustomKeyboardDemo;
			};
			name = Release;
		};
/* End XCBuildConfiguration section */

/* Begin XCConfigurationList section */
		6578A214259ABF5F003FA172 /* Build configuration list for PBXProject "CustomKeyboardDemo" */ = {
			isa = XCConfigurationList;
			buildConfigurations = (
				6578A246259ABF66003FA172 /* Debug */,
				6578A247259ABF66003FA172 /* Release */,
			);
			defaultConfigurationIsVisible = 0;
			defaultConfigurationName = Release;
		};
		6578A248259ABF66003FA172 /* Build configuration list for PBXNativeTarget "CustomKeyboardDemo" */ = {
			isa = XCConfigurationList;
			buildConfigurations = (
				6578A249259ABF66003FA172 /* Debug */,
				6578A24A259ABF66003FA172 /* Release */,
			);
			defaultConfigurationIsVisible = 0;
			defaultConfigurationName = Release;
		};
		6578A24B259ABF66003FA172 /* Build configuration list for PBXNativeTarget "CustomKeyboardDemoTests" */ = {
			isa = XCConfigurationList;
			buildConfigurations = (
				6578A24C259ABF66003FA172 /* Debug */,
				6578A24D259ABF66003FA172 /* Release */,
			);
			defaultConfigurationIsVisible = 0;
			defaultConfigurationName = Release;
		};
		6578A24E259ABF66003FA172 /* Build configuration list for PBXNativeTarget "CustomKeyboardDemoUITests" */ = {
			isa = XCConfigurationList;
			buildConfigurations = (
				6578A24F259ABF66003FA172 /* Debug */,
				6578A250259ABF66003FA172 /* Release */,
			);
			defaultConfigurationIsVisible = 0;
			defaultConfigurationName = Release;
		};
/* End XCConfigurationList section */
	};
	rootObject = 6578A211259ABF5F003FA172 /* Project object */;
}
